// !$*UTF8*$!
{
	archiveVersion = 1;
	classes = {
	};
	objectVersion = 46;
	objects = {

/* Begin PBXBuildFile section */
		D3A61CD61BC0AE0A005AF644 /* AppDelegate.swift in Sources */ = {isa = PBXBuildFile; fileRef = D3A61CD51BC0AE0A005AF644 /* AppDelegate.swift */; };
		D3A61CD81BC0AE0A005AF644 /* ViewController.swift in Sources */ = {isa = PBXBuildFile; fileRef = D3A61CD71BC0AE0A005AF644 /* ViewController.swift */; };
		D3A61CDB1BC0AE0A005AF644 /* Main.storyboard in Resources */ = {isa = PBXBuildFile; fileRef = D3A61CD91BC0AE0A005AF644 /* Main.storyboard */; };
		D3A61CDD1BC0AE0A005AF644 /* Assets.xcassets in Resources */ = {isa = PBXBuildFile; fileRef = D3A61CDC1BC0AE0A005AF644 /* Assets.xcassets */; };
		D3A61CE01BC0AE0A005AF644 /* LaunchScreen.storyboard in Resources */ = {isa = PBXBuildFile; fileRef = D3A61CDE1BC0AE0A005AF644 /* LaunchScreen.storyboard */; };
		D3A61CEB1BC0AE0A005AF644 /* Project2Tests.swift in Sources */ = {isa = PBXBuildFile; fileRef = D3A61CEA1BC0AE0A005AF644 /* Project2Tests.swift */; };
		D3A61CF61BC0AE0A005AF644 /* Project2UITests.swift in Sources */ = {isa = PBXBuildFile; fileRef = D3A61CF51BC0AE0A005AF644 /* Project2UITests.swift */; };
/* End PBXBuildFile section */

/* Begin PBXContainerItemProxy section */
		D3A61CE71BC0AE0A005AF644 /* PBXContainerItemProxy */ = {
			isa = PBXContainerItemProxy;
			containerPortal = D3A61CCA1BC0AE0A005AF644 /* Project object */;
			proxyType = 1;
			remoteGlobalIDString = D3A61CD11BC0AE0A005AF644;
			remoteInfo = Project2;
		};
		D3A61CF21BC0AE0A005AF644 /* PBXContainerItemProxy */ = {
			isa = PBXContainerItemProxy;
			containerPortal = D3A61CCA1BC0AE0A005AF644 /* Project object */;
			proxyType = 1;
			remoteGlobalIDString = D3A61CD11BC0AE0A005AF644;
			remoteInfo = Project2;
		};
/* End PBXContainerItemProxy section */

/* Begin PBXFileReference section */
		D3A61CD21BC0AE0A005AF644 /* Project2.app */ = {isa = PBXFileReference; explicitFileType = wrapper.application; includeInIndex = 0; path = Project2.app; sourceTree = BUILT_PRODUCTS_DIR; };
		D3A61CD51BC0AE0A005AF644 /* AppDelegate.swift */ = {isa = PBXFileReference; lastKnownFileType = sourcecode.swift; path = AppDelegate.swift; sourceTree = "<group>"; };
		D3A61CD71BC0AE0A005AF644 /* ViewController.swift */ = {isa = PBXFileReference; lastKnownFileType = sourcecode.swift; path = ViewController.swift; sourceTree = "<group>"; };
		D3A61CDA1BC0AE0A005AF644 /* Base */ = {isa = PBXFileReference; lastKnownFileType = file.storyboard; name = Base; path = Base.lproj/Main.storyboard; sourceTree = "<group>"; };
		D3A61CDC1BC0AE0A005AF644 /* Assets.xcassets */ = {isa = PBXFileReference; lastKnownFileType = folder.assetcatalog; path = Assets.xcassets; sourceTree = "<group>"; };
		D3A61CDF1BC0AE0A005AF644 /* Base */ = {isa = PBXFileReference; lastKnownFileType = file.storyboard; name = Base; path = Base.lproj/LaunchScreen.storyboard; sourceTree = "<group>"; };
		D3A61CE11BC0AE0A005AF644 /* Info.plist */ = {isa = PBXFileReference; lastKnownFileType = text.plist.xml; path = Info.plist; sourceTree = "<group>"; };
		D3A61CE61BC0AE0A005AF644 /* Project2Tests.xctest */ = {isa = PBXFileReference; explicitFileType = wrapper.cfbundle; includeInIndex = 0; path = Project2Tests.xctest; sourceTree = BUILT_PRODUCTS_DIR; };
		D3A61CEA1BC0AE0A005AF644 /* Project2Tests.swift */ = {isa = PBXFileReference; lastKnownFileType = sourcecode.swift; path = Project2Tests.swift; sourceTree = "<group>"; };
		D3A61CEC1BC0AE0A005AF644 /* Info.plist */ = {isa = PBXFileReference; lastKnownFileType = text.plist.xml; path = Info.plist; sourceTree = "<group>"; };
		D3A61CF11BC0AE0A005AF644 /* Project2UITests.xctest */ = {isa = PBXFileReference; explicitFileType = wrapper.cfbundle; includeInIndex = 0; path = Project2UITests.xctest; sourceTree = BUILT_PRODUCTS_DIR; };
		D3A61CF51BC0AE0A005AF644 /* Project2UITests.swift */ = {isa = PBXFileReference; lastKnownFileType = sourcecode.swift; path = Project2UITests.swift; sourceTree = "<group>"; };
		D3A61CF71BC0AE0A005AF644 /* Info.plist */ = {isa = PBXFileReference; lastKnownFileType = text.plist.xml; path = Info.plist; sourceTree = "<group>"; };
/* End PBXFileReference section */

/* Begin PBXFrameworksBuildPhase section */
		D3A61CCF1BC0AE0A005AF644 /* Frameworks */ = {
			isa = PBXFrameworksBuildPhase;
			buildActionMask = 2147483647;
			files = (
			);
			runOnlyForDeploymentPostprocessing = 0;
		};
		D3A61CE31BC0AE0A005AF644 /* Frameworks */ = {
			isa = PBXFrameworksBuildPhase;
			buildActionMask = 2147483647;
			files = (
			);
			runOnlyForDeploymentPostprocessing = 0;
		};
		D3A61CEE1BC0AE0A005AF644 /* Frameworks */ = {
			isa = PBXFrameworksBuildPhase;
			buildActionMask = 2147483647;
			files = (
			);
			runOnlyForDeploymentPostprocessing = 0;
		};
/* End PBXFrameworksBuildPhase section */

/* Begin PBXGroup section */
		D3A61CC91BC0AE0A005AF644 = {
			isa = PBXGroup;
			children = (
				D3A61CD41BC0AE0A005AF644 /* Project2 */,
				D3A61CE91BC0AE0A005AF644 /* Project2Tests */,
				D3A61CF41BC0AE0A005AF644 /* Project2UITests */,
				D3A61CD31BC0AE0A005AF644 /* Products */,
			);
			sourceTree = "<group>";
		};
		D3A61CD31BC0AE0A005AF644 /* Products */ = {
			isa = PBXGroup;
			children = (
				D3A61CD21BC0AE0A005AF644 /* Project2.app */,
				D3A61CE61BC0AE0A005AF644 /* Project2Tests.xctest */,
				D3A61CF11BC0AE0A005AF644 /* Project2UITests.xctest */,
			);
			name = Products;
			sourceTree = "<group>";
		};
		D3A61CD41BC0AE0A005AF644 /* Project2 */ = {
			isa = PBXGroup;
			children = (
				D3A61CD51BC0AE0A005AF644 /* AppDelegate.swift */,
				D3A61CD71BC0AE0A005AF644 /* ViewController.swift */,
				D3A61CD91BC0AE0A005AF644 /* Main.storyboard */,
				D3A61CDC1BC0AE0A005AF644 /* Assets.xcassets */,
				D3A61CDE1BC0AE0A005AF644 /* LaunchScreen.storyboard */,
				D3A61CE11BC0AE0A005AF644 /* Info.plist */,
			);
			path = Project2;
			sourceTree = "<group>";
		};
		D3A61CE91BC0AE0A005AF644 /* Project2Tests */ = {
			isa = PBXGroup;
			children = (
				D3A61CEA1BC0AE0A005AF644 /* Project2Tests.swift */,
				D3A61CEC1BC0AE0A005AF644 /* Info.plist */,
			);
			path = Project2Tests;
			sourceTree = "<group>";
		};
		D3A61CF41BC0AE0A005AF644 /* Project2UITests */ = {
			isa = PBXGroup;
			children = (
				D3A61CF51BC0AE0A005AF644 /* Project2UITests.swift */,
				D3A61CF71BC0AE0A005AF644 /* Info.plist */,
			);
			path = Project2UITests;
			sourceTree = "<group>";
		};
/* End PBXGroup section */

/* Begin PBXNativeTarget section */
		D3A61CD11BC0AE0A005AF644 /* Project2 */ = {
			isa = PBXNativeTarget;
			buildConfigurationList = D3A61CFA1BC0AE0A005AF644 /* Build configuration list for PBXNativeTarget "Project2" */;
			buildPhases = (
				D3A61CCE1BC0AE0A005AF644 /* Sources */,
				D3A61CCF1BC0AE0A005AF644 /* Frameworks */,
				D3A61CD01BC0AE0A005AF644 /* Resources */,
			);
			buildRules = (
			);
			dependencies = (
			);
			name = Project2;
			productName = Project2;
			productReference = D3A61CD21BC0AE0A005AF644 /* Project2.app */;
			productType = "com.apple.product-type.application";
		};
		D3A61CE51BC0AE0A005AF644 /* Project2Tests */ = {
			isa = PBXNativeTarget;
			buildConfigurationList = D3A61CFD1BC0AE0A005AF644 /* Build configuration list for PBXNativeTarget "Project2Tests" */;
			buildPhases = (
				D3A61CE21BC0AE0A005AF644 /* Sources */,
				D3A61CE31BC0AE0A005AF644 /* Frameworks */,
				D3A61CE41BC0AE0A005AF644 /* Resources */,
			);
			buildRules = (
			);
			dependencies = (
				D3A61CE81BC0AE0A005AF644 /* PBXTargetDependency */,
			);
			name = Project2Tests;
			productName = Project2Tests;
			productReference = D3A61CE61BC0AE0A005AF644 /* Project2Tests.xctest */;
			productType = "com.apple.product-type.bundle.unit-test";
		};
		D3A61CF01BC0AE0A005AF644 /* Project2UITests */ = {
			isa = PBXNativeTarget;
			buildConfigurationList = D3A61D001BC0AE0A005AF644 /* Build configuration list for PBXNativeTarget "Project2UITests" */;
			buildPhases = (
				D3A61CED1BC0AE0A005AF644 /* Sources */,
				D3A61CEE1BC0AE0A005AF644 /* Frameworks */,
				D3A61CEF1BC0AE0A005AF644 /* Resources */,
			);
			buildRules = (
			);
			dependencies = (
				D3A61CF31BC0AE0A005AF644 /* PBXTargetDependency */,
			);
			name = Project2UITests;
			productName = Project2UITests;
			productReference = D3A61CF11BC0AE0A005AF644 /* Project2UITests.xctest */;
			productType = "com.apple.product-type.bundle.ui-testing";
		};
/* End PBXNativeTarget section */

/* Begin PBXProject section */
		D3A61CCA1BC0AE0A005AF644 /* Project object */ = {
			isa = PBXProject;
			attributes = {
				LastUpgradeCheck = 0700;
				ORGANIZATIONNAME = "Brian Guo";
				TargetAttributes = {
					D3A61CD11BC0AE0A005AF644 = {
						CreatedOnToolsVersion = 7.0;
					};
					D3A61CE51BC0AE0A005AF644 = {
						CreatedOnToolsVersion = 7.0;
						TestTargetID = D3A61CD11BC0AE0A005AF644;
					};
					D3A61CF01BC0AE0A005AF644 = {
						CreatedOnToolsVersion = 7.0;
						TestTargetID = D3A61CD11BC0AE0A005AF644;
					};
				};
			};
			buildConfigurationList = D3A61CCD1BC0AE0A005AF644 /* Build configuration list for PBXProject "Project2" */;
			compatibilityVersion = "Xcode 3.2";
			developmentRegion = English;
			hasScannedForEncodings = 0;
			knownRegions = (
				en,
				Base,
			);
			mainGroup = D3A61CC91BC0AE0A005AF644;
			productRefGroup = D3A61CD31BC0AE0A005AF644 /* Products */;
			projectDirPath = "";
			projectRoot = "";
			targets = (
				D3A61CD11BC0AE0A005AF644 /* Project2 */,
				D3A61CE51BC0AE0A005AF644 /* Project2Tests */,
				D3A61CF01BC0AE0A005AF644 /* Project2UITests */,
			);
		};
/* End PBXProject section */

/* Begin PBXResourcesBuildPhase section */
		D3A61CD01BC0AE0A005AF644 /* Resources */ = {
			isa = PBXResourcesBuildPhase;
			buildActionMask = 2147483647;
			files = (
				D3A61CE01BC0AE0A005AF644 /* LaunchScreen.storyboard in Resources */,
				D3A61CDD1BC0AE0A005AF644 /* Assets.xcassets in Resources */,
				D3A61CDB1BC0AE0A005AF644 /* Main.storyboard in Resources */,
			);
			runOnlyForDeploymentPostprocessing = 0;
		};
		D3A61CE41BC0AE0A005AF644 /* Resources */ = {
			isa = PBXResourcesBuildPhase;
			buildActionMask = 2147483647;
			files = (
			);
			runOnlyForDeploymentPostprocessing = 0;
		};
		D3A61CEF1BC0AE0A005AF644 /* Resources */ = {
			isa = PBXResourcesBuildPhase;
			buildActionMask = 2147483647;
			files = (
			);
			runOnlyForDeploymentPostprocessing = 0;
		};
/* End PBXResourcesBuildPhase section */

/* Begin PBXSourcesBuildPhase section */
		D3A61CCE1BC0AE0A005AF644 /* Sources */ = {
			isa = PBXSourcesBuildPhase;
			buildActionMask = 2147483647;
			files = (
				D3A61CD81BC0AE0A005AF644 /* ViewController.swift in Sources */,
				D3A61CD61BC0AE0A005AF644 /* AppDelegate.swift in Sources */,
			);
			runOnlyForDeploymentPostprocessing = 0;
		};
		D3A61CE21BC0AE0A005AF644 /* Sources */ = {
			isa = PBXSourcesBuildPhase;
			buildActionMask = 2147483647;
			files = (
				D3A61CEB1BC0AE0A005AF644 /* Project2Tests.swift in Sources */,
			);
			runOnlyForDeploymentPostprocessing = 0;
		};
		D3A61CED1BC0AE0A005AF644 /* Sources */ = {
			isa = PBXSourcesBuildPhase;
			buildActionMask = 2147483647;
			files = (
				D3A61CF61BC0AE0A005AF644 /* Project2UITests.swift in Sources */,
			);
			runOnlyForDeploymentPostprocessing = 0;
		};
/* End PBXSourcesBuildPhase section */

/* Begin PBXTargetDependency section */
		D3A61CE81BC0AE0A005AF644 /* PBXTargetDependency */ = {
			isa = PBXTargetDependency;
			target = D3A61CD11BC0AE0A005AF644 /* Project2 */;
			targetProxy = D3A61CE71BC0AE0A005AF644 /* PBXContainerItemProxy */;
		};
		D3A61CF31BC0AE0A005AF644 /* PBXTargetDependency */ = {
			isa = PBXTargetDependency;
			target = D3A61CD11BC0AE0A005AF644 /* Project2 */;
			targetProxy = D3A61CF21BC0AE0A005AF644 /* PBXContainerItemProxy */;
		};
/* End PBXTargetDependency section */

/* Begin PBXVariantGroup section */
		D3A61CD91BC0AE0A005AF644 /* Main.storyboard */ = {
			isa = PBXVariantGroup;
			children = (
				D3A61CDA1BC0AE0A005AF644 /* Base */,
			);
			name = Main.storyboard;
			sourceTree = "<group>";
		};
		D3A61CDE1BC0AE0A005AF644 /* LaunchScreen.storyboard */ = {
			isa = PBXVariantGroup;
			children = (
				D3A61CDF1BC0AE0A005AF644 /* Base */,
			);
			name = LaunchScreen.storyboard;
			sourceTree = "<group>";
		};
/* End PBXVariantGroup section */

/* Begin XCBuildConfiguration section */
		D3A61CF81BC0AE0A005AF644 /* Debug */ = {
			isa = XCBuildConfiguration;
			buildSettings = {
				ALWAYS_SEARCH_USER_PATHS = NO;
				CLANG_CXX_LANGUAGE_STANDARD = "gnu++0x";
				CLANG_CXX_LIBRARY = "libc++";
				CLANG_ENABLE_MODULES = YES;
				CLANG_ENABLE_OBJC_ARC = YES;
				CLANG_WARN_BOOL_CONVERSION = YES;
				CLANG_WARN_CONSTANT_CONVERSION = YES;
				CLANG_WARN_DIRECT_OBJC_ISA_USAGE = YES_ERROR;
				CLANG_WARN_EMPTY_BODY = YES;
				CLANG_WARN_ENUM_CONVERSION = YES;
				CLANG_WARN_INT_CONVERSION = YES;
				CLANG_WARN_OBJC_ROOT_CLASS = YES_ERROR;
				CLANG_WARN_UNREACHABLE_CODE = YES;
				CLANG_WARN__DUPLICATE_METHOD_MATCH = YES;
				"CODE_SIGN_IDENTITY[sdk=iphoneos*]" = "iPhone Developer";
				COPY_PHASE_STRIP = NO;
				DEBUG_INFORMATION_FORMAT = dwarf;
				ENABLE_STRICT_OBJC_MSGSEND = YES;
				ENABLE_TESTABILITY = YES;
				GCC_C_LANGUAGE_STANDARD = gnu99;
				GCC_DYNAMIC_NO_PIC = NO;
				GCC_NO_COMMON_BLOCKS = YES;
				GCC_OPTIMIZATION_LEVEL = 0;
				GCC_PREPROCESSOR_DEFINITIONS = (
					"DEBUG=1",
					"$(inherited)",
				);
				GCC_WARN_64_TO_32_BIT_CONVERSION = YES;
				GCC_WARN_ABOUT_RETURN_TYPE = YES_ERROR;
				GCC_WARN_UNDECLARED_SELECTOR = YES;
				GCC_WARN_UNINITIALIZED_AUTOS = YES_AGGRESSIVE;
				GCC_WARN_UNUSED_FUNCTION = YES;
				GCC_WARN_UNUSED_VARIABLE = YES;
				IPHONEOS_DEPLOYMENT_TARGET = 9.0;
				MTL_ENABLE_DEBUG_INFO = YES;
				ONLY_ACTIVE_ARCH = YES;
				SDKROOT = iphoneos;
				SWIFT_OPTIMIZATION_LEVEL = "-Onone";
			};
			name = Debug;
		};
		D3A61CF91BC0AE0A005AF644 /* Release */ = {
			isa = XCBuildConfiguration;
			buildSettings = {
				ALWAYS_SEARCH_USER_PATHS = NO;
				CLANG_CXX_LANGUAGE_STANDARD = "gnu++0x";
				CLANG_CXX_LIBRARY = "libc++";
				CLANG_ENABLE_MODULES = YES;
				CLANG_ENABLE_OBJC_ARC = YES;
				CLANG_WARN_BOOL_CONVERSION = YES;
				CLANG_WARN_CONSTANT_CONVERSION = YES;
				CLANG_WARN_DIRECT_OBJC_ISA_USAGE = YES_ERROR;
				CLANG_WARN_EMPTY_BODY = YES;
				CLANG_WARN_ENUM_CONVERSION = YES;
				CLANG_WARN_INT_CONVERSION = YES;
				CLANG_WARN_OBJC_ROOT_CLASS = YES_ERROR;
				CLANG_WARN_UNREACHABLE_CODE = YES;
				CLANG_WARN__DUPLICATE_METHOD_MATCH = YES;
				"CODE_SIGN_IDENTITY[sdk=iphoneos*]" = "iPhone Developer";
				COPY_PHASE_STRIP = NO;
				DEBUG_INFORMATION_FORMAT = "dwarf-with-dsym";
				ENABLE_NS_ASSERTIONS = NO;
				ENABLE_STRICT_OBJC_MSGSEND = YES;
				GCC_C_LANGUAGE_STANDARD = gnu99;
				GCC_NO_COMMON_BLOCKS = YES;
				GCC_WARN_64_TO_32_BIT_CONVERSION = YES;
				GCC_WARN_ABOUT_RETURN_TYPE = YES_ERROR;
				GCC_WARN_UNDECLARED_SELECTOR = YES;
				GCC_WARN_UNINITIALIZED_AUTOS = YES_AGGRESSIVE;
				GCC_WARN_UNUSED_FUNCTION = YES;
				GCC_WARN_UNUSED_VARIABLE = YES;
				IPHONEOS_DEPLOYMENT_TARGET = 9.0;
				MTL_ENABLE_DEBUG_INFO = NO;
				SDKROOT = iphoneos;
				VALIDATE_PRODUCT = YES;
			};
			name = Release;
		};
		D3A61CFB1BC0AE0A005AF644 /* Debug */ = {
			isa = XCBuildConfiguration;
			buildSettings = {
				ASSETCATALOG_COMPILER_APPICON_NAME = AppIcon;
				INFOPLIST_FILE = Project2/Info.plist;
				LD_RUNPATH_SEARCH_PATHS = "$(inherited) @executable_path/Frameworks";
				PRODUCT_BUNDLE_IDENTIFIER = abc.Project2;
				PRODUCT_NAME = "$(TARGET_NAME)";
			};
			name = Debug;
		};
		D3A61CFC1BC0AE0A005AF644 /* Release */ = {
			isa = XCBuildConfiguration;
			buildSettings = {
				ASSETCATALOG_COMPILER_APPICON_NAME = AppIcon;
				INFOPLIST_FILE = Project2/Info.plist;
				LD_RUNPATH_SEARCH_PATHS = "$(inherited) @executable_path/Frameworks";
				PRODUCT_BUNDLE_IDENTIFIER = abc.Project2;
				PRODUCT_NAME = "$(TARGET_NAME)";
			};
			name = Release;
		};
		D3A61CFE1BC0AE0A005AF644 /* Debug */ = {
			isa = XCBuildConfiguration;
			buildSettings = {
				BUNDLE_LOADER = "$(TEST_HOST)";
				INFOPLIST_FILE = Project2Tests/Info.plist;
				LD_RUNPATH_SEARCH_PATHS = "$(inherited) @executable_path/Frameworks @loader_path/Frameworks";
				PRODUCT_BUNDLE_IDENTIFIER = abc.Project2Tests;
				PRODUCT_NAME = "$(TARGET_NAME)";
				TEST_HOST = "$(BUILT_PRODUCTS_DIR)/Project2.app/Project2";
			};
			name = Debug;
		};
		D3A61CFF1BC0AE0A005AF644 /* Release */ = {
			isa = XCBuildConfiguration;
			buildSettings = {
				BUNDLE_LOADER = "$(TEST_HOST)";
				INFOPLIST_FILE = Project2Tests/Info.plist;
				LD_RUNPATH_SEARCH_PATHS = "$(inherited) @executable_path/Frameworks @loader_path/Frameworks";
				PRODUCT_BUNDLE_IDENTIFIER = abc.Project2Tests;
				PRODUCT_NAME = "$(TARGET_NAME)";
				TEST_HOST = "$(BUILT_PRODUCTS_DIR)/Project2.app/Project2";
			};
			name = Release;
		};
		D3A61D011BC0AE0A005AF644 /* Debug */ = {
			isa = XCBuildConfiguration;
			buildSettings = {
				INFOPLIST_FILE = Project2UITests/Info.plist;
				LD_RUNPATH_SEARCH_PATHS = "$(inherited) @executable_path/Frameworks @loader_path/Frameworks";
				PRODUCT_BUNDLE_IDENTIFIER = abc.Project2UITests;
				PRODUCT_NAME = "$(TARGET_NAME)";
				TEST_TARGET_NAME = Project2;
				USES_XCTRUNNER = YES;
			};
			name = Debug;
		};
		D3A61D021BC0AE0A005AF644 /* Release */ = {
			isa = XCBuildConfiguration;
			buildSettings = {
				INFOPLIST_FILE = Project2UITests/Info.plist;
				LD_RUNPATH_SEARCH_PATHS = "$(inherited) @executable_path/Frameworks @loader_path/Frameworks";
				PRODUCT_BUNDLE_IDENTIFIER = abc.Project2UITests;
				PRODUCT_NAME = "$(TARGET_NAME)";
				TEST_TARGET_NAME = Project2;
				USES_XCTRUNNER = YES;
			};
			name = Release;
		};
/* End XCBuildConfiguration section */

/* Begin XCConfigurationList section */
		D3A61CCD1BC0AE0A005AF644 /* Build configuration list for PBXProject "Project2" */ = {
			isa = XCConfigurationList;
			buildConfigurations = (
				D3A61CF81BC0AE0A005AF644 /* Debug */,
				D3A61CF91BC0AE0A005AF644 /* Release */,
			);
			defaultConfigurationIsVisible = 0;
			defaultConfigurationName = Release;
		};
		D3A61CFA1BC0AE0A005AF644 /* Build configuration list for PBXNativeTarget "Project2" */ = {
			isa = XCConfigurationList;
			buildConfigurations = (
				D3A61CFB1BC0AE0A005AF644 /* Debug */,
				D3A61CFC1BC0AE0A005AF644 /* Release */,
			);
			defaultConfigurationIsVisible = 0;
		};
		D3A61CFD1BC0AE0A005AF644 /* Build configuration list for PBXNativeTarget "Project2Tests" */ = {
			isa = XCConfigurationList;
			buildConfigurations = (
				D3A61CFE1BC0AE0A005AF644 /* Debug */,
				D3A61CFF1BC0AE0A005AF644 /* Release */,
			);
			defaultConfigurationIsVisible = 0;
		};
		D3A61D001BC0AE0A005AF644 /* Build configuration list for PBXNativeTarget "Project2UITests" */ = {
			isa = XCConfigurationList;
			buildConfigurations = (
				D3A61D011BC0AE0A005AF644 /* Debug */,
				D3A61D021BC0AE0A005AF644 /* Release */,
			);
			defaultConfigurationIsVisible = 0;
		};
/* End XCConfigurationList section */
	};
	rootObject = D3A61CCA1BC0AE0A005AF644 /* Project object */;
}
